
Microsoft Visual Studio Solution File, Format Version 12.00
# Visual Studio Version 16
VisualStudioVersion = 16.0.33801.447
MinimumVisualStudioVersion = 10.0.40219.1
Project("{FAE04EC0-301F-11D3-BF4B-00C04F79EFBC}") = "oderapp", "oderapp\oderapp.csproj", "{738D8EB3-C47A-4964-8833-918A49B27DCB}"
EndProject
Global
	GlobalSection(SolutionConfigurationPlatforms) = preSolution
		Debug|Any CPU = Debug|Any CPU
		Release|Any CPU = Release|Any CPU
	EndGlobalSection
	GlobalSection(ProjectConfigurationPlatforms) = postSolution
		{738D8EB3-C47A-4964-8833-918A49B27DCB}.Debug|Any CPU.ActiveCfg = Debug|Any CPU
		{738D8EB3-C47A-4964-8833-918A49B27DCB}.Debug|Any CPU.Build.0 = Debug|Any CPU
		{738D8EB3-C47A-4964-8833-918A49B27DCB}.Release|Any CPU.ActiveCfg = Release|Any CPU
		{738D8EB3-C47A-4964-8833-918A49B27DCB}.Release|Any CPU.Build.0 = Release|Any CPU
	EndGlobalSection
	GlobalSection(SolutionProperties) = preSolution
		HideSolutionNode = FALSE
	EndGlobalSection
	GlobalSection(ExtensibilityGlobals) = postSolution
		SolutionGuid = {1EB63DC0-8094-41C8-9E7B-0EA1DDF52629}
	EndGlobalSection
EndGlobal
